
Microsoft Visual Studio Solution File, Format Version 12.00
# Visual Studio Version 17
VisualStudioVersion = 17.11.35431.28
MinimumVisualStudioVersion = 10.0.40219.1
Project("{FAE04EC0-301F-11D3-BF4B-00C04F79EFBC}") = "LR7", "LR7\LR7.csproj", "{8959400E-7945-4218-B465-CD4AE7F882D4}"
EndProject
Global
	GlobalSection(SolutionConfigurationPlatforms) = preSolution
		Debug|Any CPU = Debug|Any CPU
		Release|Any CPU = Release|Any CPU
	EndGlobalSection
	GlobalSection(ProjectConfigurationPlatforms) = postSolution
		{8959400E-7945-4218-B465-CD4AE7F882D4}.Debug|Any CPU.ActiveCfg = Debug|Any CPU
		{8959400E-7945-4218-B465-CD4AE7F882D4}.Debug|Any CPU.Build.0 = Debug|Any CPU
		{8959400E-7945-4218-B465-CD4AE7F882D4}.Release|Any CPU.ActiveCfg = Release|Any CPU
		{8959400E-7945-4218-B465-CD4AE7F882D4}.Release|Any CPU.Build.0 = Release|Any CPU
	EndGlobalSection
	GlobalSection(SolutionProperties) = preSolution
		HideSolutionNode = FALSE
	EndGlobalSection
	GlobalSection(ExtensibilityGlobals) = postSolution
		SolutionGuid = {5B577BCC-0FBB-412D-B47E-10710A272A50}
	EndGlobalSection
EndGlobal
